github.com/sea-project/crypto-ecc-s256 v0.0.0-20201112053750-eac7c730f85f h1:kv/VVLsFut5olbHol5lQ6sM+5+GsXi9bbPq1WKZJtjc=
github.com/sea-project/crypto-ecc-s256 v0.0.0-20201112053750-eac7c730f85f/go.mod h1:xIQjaHV/srqyXHwkXD8LndpDWr5qnds5MS+bZ/4Ki7Q=
github.com/sea-project/stdlib-bytes v0.0.0-20201112140324-eb835f449f02 h1:iEDLbldVabfhc7KtFuLwPBsnmfhKGqQQleKPkWmltpM=
github.com/sea-project/stdlib-bytes v0.0.0-20201112140324-eb835f449f02/go.mod h1:HnErhVuroF+dt1ZB8A0IrlMhGUC6AwvEhDFzF61zWS4=
github.com/sea-project/stdlib-math v0.0.0-20201112140608-772ee2e2934d h1:Gh2Ih9YUn3aKzKTBBSlVfkWS7PkqSS5sAsnHAWgKdfw=
github.com/sea-project/stdlib-math v0.0.0-20201112140608-772ee2e2934d/go.mod h1:M8Cs998lz3vNfN5XyXgoPzWsJ9IDJ+qTHV4G/g1hAps=
