github.com/sea-project/crypto-codec-base58 v0.0.0-20201116150651-9220e4cb699a h1:sfkwUCpGD/cl1SG0MMDVOauK9aYNSskWbQcfca5axMk=
github.com/sea-project/crypto-codec-base58 v0.0.0-20201116150651-9220e4cb699a/go.mod h1:UJuVqi45vt28rIUjLzMVpxYGuKkWFKZzEUXI3wgiy2M=
github.com/sea-project/crypto-ecc-s256 v0.0.0-20201112115545-6e26b604f2b7 h1:AxiqydFgAhHvDYXJdc6SfuuqbLr84U6lhbZzRbnk0q0=
github.com/sea-project/crypto-ecc-s256 v0.0.0-20201112115545-6e26b604f2b7/go.mod h1:xIQjaHV/srqyXHwkXD8LndpDWr5qnds5MS+bZ/4Ki7Q=
github.com/sea-project/stdlib-bytes v0.0.0-20201112140324-eb835f449f02 h1:iEDLbldVabfhc7KtFuLwPBsnmfhKGqQQleKPkWmltpM=
github.com/sea-project/stdlib-bytes v0.0.0-20201112140324-eb835f449f02/go.mod h1:HnErhVuroF+dt1ZB8A0IrlMhGUC6AwvEhDFzF61zWS4=
github.com/sea-project/stdlib-math v0.0.0-20201112140608-772ee2e2934d h1:Gh2Ih9YUn3aKzKTBBSlVfkWS7PkqSS5sAsnHAWgKdfw=
github.com/sea-project/stdlib-math v0.0.0-20201112140608-772ee2e2934d/go.mod h1:M8Cs998lz3vNfN5XyXgoPzWsJ9IDJ+qTHV4G/g1hAps=
